{
  "name": "realyield.farm-contracts",
  "version": "1.0.0",
  "lockfileVersion": 1,
  "requires": true,
  "dependencies": {
    "@openzeppelin/contracts": {
      "version": "3.2.0",
      "resolved": "https://registry.npmjs.org/@openzeppelin/contracts/-/contracts-3.2.0.tgz",
      "integrity": "sha512-bUOmkSoPkjnUyMiKo6RYnb0VHBk5D9KKDAgNLzF41aqAM3TeE0yGdFF5dVRcV60pZdJLlyFT/jjXIZCWyyEzAQ=="
    },
    "multi-token-standard": {
      "version": "0.9.6",
      "resolved": "https://registry.npmjs.org/multi-token-standard/-/multi-token-standard-0.9.6.tgz",
      "integrity": "sha512-i00XDym35De70g4gvify5v5J8mqKGFOdmWsCaMGH7UnE5jyPrH3DIjoLTC+6mVFx3N9/Ovm23QdUeKduYwvAkQ=="
    }
  }
}
