{
  "name": "realyield.farm-contracts",
  "version": "1.0.0",
  "lockfileVersion": 1,
  "requires": true,
  "dependencies": {
    "multi-token-standard": {
      "version": "0.9.6",
      "resolved": "https://registry.npmjs.org/multi-token-standard/-/multi-token-standard-0.9.6.tgz",
      "integrity": "sha512-i00XDym35De70g4gvify5v5J8mqKGFOdmWsCaMGH7UnE5jyPrH3DIjoLTC+6mVFx3N9/Ovm23QdUeKduYwvAkQ=="
    }
  }
}
